
Microsoft Visual Studio Solution File, Format Version 12.00
# Visual Studio Version 17
VisualStudioVersion = 17.10.35013.160
MinimumVisualStudioVersion = 10.0.40219.1
Project("{FAE04EC0-301F-11D3-BF4B-00C04F79EFBC}") = "MQTT_Messages_Generator", "MQTT_Messages_Generator.csproj", "{4C113342-4E97-4662-917A-6741522AFA79}"
EndProject
Project("{9A19103F-16F7-4668-BE54-9A1E7A4F7556}") = "Advise_Common_WPF_v2", "..\Advise_IHM\Advise_Common_WPF_v2\Advise_Common_WPF_v2.csproj", "{850F1C67-3C37-40FE-9130-2EEBE00E3002}"
EndProject
Global
	GlobalSection(SolutionConfigurationPlatforms) = preSolution
		Debug|Any CPU = Debug|Any CPU
		Release|Any CPU = Release|Any CPU
	EndGlobalSection
	GlobalSection(ProjectConfigurationPlatforms) = postSolution
		{4C113342-4E97-4662-917A-6741522AFA79}.Debug|Any CPU.ActiveCfg = Debug|Any CPU
		{4C113342-4E97-4662-917A-6741522AFA79}.Debug|Any CPU.Build.0 = Debug|Any CPU
		{4C113342-4E97-4662-917A-6741522AFA79}.Release|Any CPU.ActiveCfg = Release|Any CPU
		{4C113342-4E97-4662-917A-6741522AFA79}.Release|Any CPU.Build.0 = Release|Any CPU
		{850F1C67-3C37-40FE-9130-2EEBE00E3002}.Debug|Any CPU.ActiveCfg = Debug|Any CPU
		{850F1C67-3C37-40FE-9130-2EEBE00E3002}.Debug|Any CPU.Build.0 = Debug|Any CPU
		{850F1C67-3C37-40FE-9130-2EEBE00E3002}.Release|Any CPU.ActiveCfg = Release|Any CPU
		{850F1C67-3C37-40FE-9130-2EEBE00E3002}.Release|Any CPU.Build.0 = Release|Any CPU
	EndGlobalSection
	GlobalSection(SolutionProperties) = preSolution
		HideSolutionNode = FALSE
	EndGlobalSection
	GlobalSection(ExtensibilityGlobals) = postSolution
		SolutionGuid = {F89F254A-F42D-4C22-9EBD-3D1EF7A06BCF}
	EndGlobalSection
EndGlobal
