
Microsoft Visual Studio Solution File, Format Version 12.00
# Visual Studio Version 17
VisualStudioVersion = 17.5.33502.453
MinimumVisualStudioVersion = 10.0.40219.1
Project("{FAE04EC0-301F-11D3-BF4B-00C04F79EFBC}") = "Communication_Serie_.NET7", "Communication_Serie_.NET7.csproj", "{86CC8E89-9AD4-4855-9F5A-D3B4397BE6B2}"
EndProject
Global
	GlobalSection(SolutionConfigurationPlatforms) = preSolution
		Debug|Any CPU = Debug|Any CPU
		Release|Any CPU = Release|Any CPU
	EndGlobalSection
	GlobalSection(ProjectConfigurationPlatforms) = postSolution
		{86CC8E89-9AD4-4855-9F5A-D3B4397BE6B2}.Debug|Any CPU.ActiveCfg = Debug|Any CPU
		{86CC8E89-9AD4-4855-9F5A-D3B4397BE6B2}.Debug|Any CPU.Build.0 = Debug|Any CPU
		{86CC8E89-9AD4-4855-9F5A-D3B4397BE6B2}.Release|Any CPU.ActiveCfg = Release|Any CPU
		{86CC8E89-9AD4-4855-9F5A-D3B4397BE6B2}.Release|Any CPU.Build.0 = Release|Any CPU
	EndGlobalSection
	GlobalSection(SolutionProperties) = preSolution
		HideSolutionNode = FALSE
	EndGlobalSection
	GlobalSection(ExtensibilityGlobals) = postSolution
		SolutionGuid = {FAC23164-8E77-4945-8466-D26EB464AA82}
	EndGlobalSection
EndGlobal
